
Microsoft Visual Studio Solution File, Format Version 12.00
# Visual Studio Version 16
VisualStudioVersion = 16.0.28803.202
MinimumVisualStudioVersion = 10.0.40219.1
Project("{2150E333-8FDC-42A3-9474-1A3956D46DE8}") = "src", "src", "{9CFFAE42-0C94-4393-9875-F74940F74C6B}"
EndProject
Project("{6EC3EE1D-3C4E-46DD-8F32-0CC8E7565705}") = "Main", "src\Main\Main.fsproj", "{6645E242-01A7-472E-B472-13D96EEBF0E0}"
EndProject
Project("{6EC3EE1D-3C4E-46DD-8F32-0CC8E7565705}") = "Renderer", "src\Renderer\Renderer.fsproj", "{F90890E2-2F1F-43A5-A8F4-5B54664FEFFE}"
EndProject
Project("{F2A71F9B-5D33-465A-A702-920D77279786}") = "RendererAboutWindow", "src\RendererAboutWindow\RendererAboutWindow.fsproj", "{C060D787-70BE-4FF4-B3DA-43E65EBDC98A}"
EndProject
Global
	GlobalSection(SolutionConfigurationPlatforms) = preSolution
		Debug|Any CPU = Debug|Any CPU
		Release|Any CPU = Release|Any CPU
	EndGlobalSection
	GlobalSection(ProjectConfigurationPlatforms) = postSolution
		{6645E242-01A7-472E-B472-13D96EEBF0E0}.Debug|Any CPU.ActiveCfg = Debug|Any CPU
		{6645E242-01A7-472E-B472-13D96EEBF0E0}.Debug|Any CPU.Build.0 = Debug|Any CPU
		{6645E242-01A7-472E-B472-13D96EEBF0E0}.Release|Any CPU.ActiveCfg = Release|Any CPU
		{6645E242-01A7-472E-B472-13D96EEBF0E0}.Release|Any CPU.Build.0 = Release|Any CPU
		{F90890E2-2F1F-43A5-A8F4-5B54664FEFFE}.Debug|Any CPU.ActiveCfg = Debug|Any CPU
		{F90890E2-2F1F-43A5-A8F4-5B54664FEFFE}.Debug|Any CPU.Build.0 = Debug|Any CPU
		{F90890E2-2F1F-43A5-A8F4-5B54664FEFFE}.Release|Any CPU.ActiveCfg = Release|Any CPU
		{F90890E2-2F1F-43A5-A8F4-5B54664FEFFE}.Release|Any CPU.Build.0 = Release|Any CPU
		{C060D787-70BE-4FF4-B3DA-43E65EBDC98A}.Debug|Any CPU.ActiveCfg = Debug|Any CPU
		{C060D787-70BE-4FF4-B3DA-43E65EBDC98A}.Debug|Any CPU.Build.0 = Debug|Any CPU
		{C060D787-70BE-4FF4-B3DA-43E65EBDC98A}.Release|Any CPU.ActiveCfg = Release|Any CPU
		{C060D787-70BE-4FF4-B3DA-43E65EBDC98A}.Release|Any CPU.Build.0 = Release|Any CPU
	EndGlobalSection
	GlobalSection(SolutionProperties) = preSolution
		HideSolutionNode = FALSE
	EndGlobalSection
	GlobalSection(NestedProjects) = preSolution
		{6645E242-01A7-472E-B472-13D96EEBF0E0} = {9CFFAE42-0C94-4393-9875-F74940F74C6B}
		{F90890E2-2F1F-43A5-A8F4-5B54664FEFFE} = {9CFFAE42-0C94-4393-9875-F74940F74C6B}
		{C060D787-70BE-4FF4-B3DA-43E65EBDC98A} = {9CFFAE42-0C94-4393-9875-F74940F74C6B}
	EndGlobalSection
	GlobalSection(ExtensibilityGlobals) = postSolution
		SolutionGuid = {BCE14D18-C565-4B78-8E8B-DD426C30757A}
	EndGlobalSection
EndGlobal
